// !$*UTF8*$!
{
	archiveVersion = 1;
	classes = {
	};
	objectVersion = 51;
	objects = {

/* Begin PBXBuildFile section */
		08C7E51F7A16FDD484AA6715 /* Pods_kayayuAppTests.framework in Frameworks */ = {isa = PBXBuildFile; fileRef = 8BE0F7CF46CE50315528DBA6 /* Pods_kayayuAppTests.framework */; };
		0A20A9C427411024005E8BB6 /* TabBar.swift in Sources */ = {isa = PBXBuildFile; fileRef = 0A20A9C327411024005E8BB6 /* TabBar.swift */; };
		0A2A6894273D5FFF0062501C /* HomeNode.swift in Sources */ = {isa = PBXBuildFile; fileRef = 0A2A6893273D5FFF0062501C /* HomeNode.swift */; };
		0A2D89A8275F424B00F1F9C7 /* AuthenticationViewModel.swift in Sources */ = {isa = PBXBuildFile; fileRef = 0A2D89A6275F424B00F1F9C7 /* AuthenticationViewModel.swift */; };
		0A2D89A9275F424B00F1F9C7 /* AuthenticationViewModel.swift in Sources */ = {isa = PBXBuildFile; fileRef = 0A2D89A6275F424B00F1F9C7 /* AuthenticationViewModel.swift */; };
		0A2D89AA275F424B00F1F9C7 /* AuthenticationViewModel.swift in Sources */ = {isa = PBXBuildFile; fileRef = 0A2D89A6275F424B00F1F9C7 /* AuthenticationViewModel.swift */; };
		0A2D89AB275F424B00F1F9C7 /* HomeViewModel.swift in Sources */ = {isa = PBXBuildFile; fileRef = 0A2D89A7275F424B00F1F9C7 /* HomeViewModel.swift */; };
		0A2D89AC275F424B00F1F9C7 /* HomeViewModel.swift in Sources */ = {isa = PBXBuildFile; fileRef = 0A2D89A7275F424B00F1F9C7 /* HomeViewModel.swift */; };
		0A2D89AD275F424B00F1F9C7 /* HomeViewModel.swift in Sources */ = {isa = PBXBuildFile; fileRef = 0A2D89A7275F424B00F1F9C7 /* HomeViewModel.swift */; };
		0A2D89F8275F42F600F1F9C7 /* KayayuModel.swift in Sources */ = {isa = PBXBuildFile; fileRef = 0A2D89F7275F42F600F1F9C7 /* KayayuModel.swift */; };
		0A2D89F9275F42F600F1F9C7 /* KayayuModel.swift in Sources */ = {isa = PBXBuildFile; fileRef = 0A2D89F7275F42F600F1F9C7 /* KayayuModel.swift */; };
		0A2D89FA275F42F600F1F9C7 /* KayayuModel.swift in Sources */ = {isa = PBXBuildFile; fileRef = 0A2D89F7275F42F600F1F9C7 /* KayayuModel.swift */; };
		0A2D8A02275F4AE600F1F9C7 /* GoogleService-Info.plist in Resources */ = {isa = PBXBuildFile; fileRef = 0A2D8A01275F4AE600F1F9C7 /* GoogleService-Info.plist */; };
		0A2D8A03275F4AE600F1F9C7 /* GoogleService-Info.plist in Resources */ = {isa = PBXBuildFile; fileRef = 0A2D8A01275F4AE600F1F9C7 /* GoogleService-Info.plist */; };
		0A2D8A04275F4AE600F1F9C7 /* GoogleService-Info.plist in Resources */ = {isa = PBXBuildFile; fileRef = 0A2D8A01275F4AE600F1F9C7 /* GoogleService-Info.plist */; };
		0A337AB9275E503900B04508 /* ProfileNode.swift in Sources */ = {isa = PBXBuildFile; fileRef = 0A337AB8275E503900B04508 /* ProfileNode.swift */; };
		0A337ABE275E517700B04508 /* ProfileViewController.swift in Sources */ = {isa = PBXBuildFile; fileRef = 0A337ABD275E517700B04508 /* ProfileViewController.swift */; };
		0A337AC3275E540500B04508 /* ProfileCellNode.swift in Sources */ = {isa = PBXBuildFile; fileRef = 0A337AC2275E540500B04508 /* ProfileCellNode.swift */; };
		0A8D94E7274D26F300BB55FC /* StatsNode.swift in Sources */ = {isa = PBXBuildFile; fileRef = 0A8D94E6274D26F300BB55FC /* StatsNode.swift */; };
		0A8D950D274D2B2400BB55FC /* StatsViewController.swift in Sources */ = {isa = PBXBuildFile; fileRef = 0A8D950C274D2B2400BB55FC /* StatsViewController.swift */; };
		0A8D9512274D320700BB55FC /* RealisationStatsNode.swift in Sources */ = {isa = PBXBuildFile; fileRef = 0A8D9511274D320600BB55FC /* RealisationStatsNode.swift */; };
		0A8D9517274D333500BB55FC /* PlanStatsNode.swift in Sources */ = {isa = PBXBuildFile; fileRef = 0A8D9516274D333500BB55FC /* PlanStatsNode.swift */; };
		0AAA2674273A65900063D876 /* BigButton.swift in Sources */ = {isa = PBXBuildFile; fileRef = 0AAA2673273A65900063D876 /* BigButton.swift */; };
		0AAA2685273AAA230063D876 /* RegisterNode.swift in Sources */ = {isa = PBXBuildFile; fileRef = 0AAA2684273AAA230063D876 /* RegisterNode.swift */; };
		0AAA268A273AB0700063D876 /* SummaryHeader.swift in Sources */ = {isa = PBXBuildFile; fileRef = 0AAA2689273AB0700063D876 /* SummaryHeader.swift */; };
		0ABC6319273929860041087F /* AppDelegate.swift in Sources */ = {isa = PBXBuildFile; fileRef = 0ABC6318273929860041087F /* AppDelegate.swift */; };
		0ABC631B273929860041087F /* SceneDelegate.swift in Sources */ = {isa = PBXBuildFile; fileRef = 0ABC631A273929860041087F /* SceneDelegate.swift */; };
		0ABC631D273929860041087F /* ViewController.swift in Sources */ = {isa = PBXBuildFile; fileRef = 0ABC631C273929860041087F /* ViewController.swift */; };
		0ABC6323273929860041087F /* kayayuApp.xcdatamodeld in Sources */ = {isa = PBXBuildFile; fileRef = 0ABC6321273929860041087F /* kayayuApp.xcdatamodeld */; };
		0ABC6325273929880041087F /* Assets.xcassets in Resources */ = {isa = PBXBuildFile; fileRef = 0ABC6324273929880041087F /* Assets.xcassets */; };
		0ABC6328273929880041087F /* LaunchScreen.storyboard in Resources */ = {isa = PBXBuildFile; fileRef = 0ABC6326273929880041087F /* LaunchScreen.storyboard */; };
		0ABC6333273929880041087F /* kayayuAppTests.swift in Sources */ = {isa = PBXBuildFile; fileRef = 0ABC6332273929880041087F /* kayayuAppTests.swift */; };
		0ABC633E273929880041087F /* kayayuAppUITests.swift in Sources */ = {isa = PBXBuildFile; fileRef = 0ABC633D273929880041087F /* kayayuAppUITests.swift */; };
		0ABC636F273933800041087F /* LandingNode.swift in Sources */ = {isa = PBXBuildFile; fileRef = 0ABC636E273933800041087F /* LandingNode.swift */; };
		0ABC637A273933E00041087F /* NSAttributedString+Extension.swift in Sources */ = {isa = PBXBuildFile; fileRef = 0ABC6379273933E00041087F /* NSAttributedString+Extension.swift */; };
		0ABC637F273934020041087F /* ColorHelper.swift in Sources */ = {isa = PBXBuildFile; fileRef = 0ABC637E273934020041087F /* ColorHelper.swift */; };
		0ABC639627393B710041087F /* LoginNode.swift in Sources */ = {isa = PBXBuildFile; fileRef = 0ABC639527393B710041087F /* LoginNode.swift */; };
		0ADCBA88275E5F2500F15F5E /* SubscriptionTableNode.swift in Sources */ = {isa = PBXBuildFile; fileRef = 0ADCBA87275E5F2500F15F5E /* SubscriptionTableNode.swift */; };
		0ADCBA90275E5F3100F15F5E /* SubscriptionCellNode.swift in Sources */ = {isa = PBXBuildFile; fileRef = 0ADCBA8F275E5F3100F15F5E /* SubscriptionCellNode.swift */; };
		0ADCBA95275E793A00F15F5E /* SubscriptionViewController.swift in Sources */ = {isa = PBXBuildFile; fileRef = 0ADCBA94275E793A00F15F5E /* SubscriptionViewController.swift */; };
		0ADCBA9B275E7D9A00F15F5E /* InstallmentTableNode.swift in Sources */ = {isa = PBXBuildFile; fileRef = 0ADCBA9A275E7D9A00F15F5E /* InstallmentTableNode.swift */; };
		0ADCBAA3275E7DB900F15F5E /* InstallmentCellNode.swift in Sources */ = {isa = PBXBuildFile; fileRef = 0ADCBAA2275E7DB900F15F5E /* InstallmentCellNode.swift */; };
		0ADCBAA8275E7F4A00F15F5E /* InstallmentViewController.swift in Sources */ = {isa = PBXBuildFile; fileRef = 0ADCBAA7275E7F4A00F15F5E /* InstallmentViewController.swift */; };
		43C8BB0E04CEC585653A687D /* Pods_kayayuApp_kayayuAppUITests.framework in Frameworks */ = {isa = PBXBuildFile; fileRef = C900A78C441DD273CD8708F9 /* Pods_kayayuApp_kayayuAppUITests.framework */; };
		AF020193274252C60033D067 /* TransactionTableNode.swift in Sources */ = {isa = PBXBuildFile; fileRef = AF020192274252C60033D067 /* TransactionTableNode.swift */; };
		AF0201982742545C0033D067 /* TransactionCellNode.swift in Sources */ = {isa = PBXBuildFile; fileRef = AF0201972742545C0033D067 /* TransactionCellNode.swift */; };
		AF2C1867274607AC00482D6E /* CalendarHelper.swift in Sources */ = {isa = PBXBuildFile; fileRef = AF2C1866274607AB00482D6E /* CalendarHelper.swift */; };
		AF2C18752746165600482D6E /* TransactionTableHeaderNode.swift in Sources */ = {isa = PBXBuildFile; fileRef = AF2C18742746165600482D6E /* TransactionTableHeaderNode.swift */; };
		AF2C18852746477E00482D6E /* TransactionDateCellNode.swift in Sources */ = {isa = PBXBuildFile; fileRef = AF2C18842746477E00482D6E /* TransactionDateCellNode.swift */; };
		AF2C188B27464E6A00482D6E /* HomeTableTransaction.swift in Sources */ = {isa = PBXBuildFile; fileRef = AF2C188A27464E6A00482D6E /* HomeTableTransaction.swift */; };
		AF2C1894274656CE00482D6E /* HomeViewController.swift in Sources */ = {isa = PBXBuildFile; fileRef = AF2C1893274656CE00482D6E /* HomeViewController.swift */; };
		AF7591D5274E4381003B8708 /* RatioRealisationDetailNode.swift in Sources */ = {isa = PBXBuildFile; fileRef = AF7591D4274E4381003B8708 /* RatioRealisationDetailNode.swift */; };
		AF7591DA274E43DE003B8708 /* StatsDateHeader.swift in Sources */ = {isa = PBXBuildFile; fileRef = AF7591D9274E43DE003B8708 /* StatsDateHeader.swift */; };
		AFA9CDD5274F759A00E520A3 /* AddIncomeRecordNode.swift in Sources */ = {isa = PBXBuildFile; fileRef = AFA9CDD4274F759A00E520A3 /* AddIncomeRecordNode.swift */; };
		AFA9CDE2274F766300E520A3 /* AddRecordeNode.swift in Sources */ = {isa = PBXBuildFile; fileRef = AFA9CDE1274F766300E520A3 /* AddRecordeNode.swift */; };
		AFA9CDEB274F776C00E520A3 /* AddExpenseRecordNode.swift in Sources */ = {isa = PBXBuildFile; fileRef = AFA9CDEA274F776C00E520A3 /* AddExpenseRecordNode.swift */; };
		AFA9CDF0274F78A800E520A3 /* AddRecordViewController.swift in Sources */ = {isa = PBXBuildFile; fileRef = AFA9CDEF274F78A800E520A3 /* AddRecordViewController.swift */; };
		AFBA5F59274DF8F6002455A7 /* KayayuHelper.swift in Sources */ = {isa = PBXBuildFile; fileRef = AFBA5F58274DF8F6002455A7 /* KayayuHelper.swift */; };
		AFC65DA027476F000050769D /* KayayuCoordinator.swift in Sources */ = {isa = PBXBuildFile; fileRef = AFC65D9F27476F000050769D /* KayayuCoordinator.swift */; };
		AFC65DA5274771650050769D /* KayayuScreen.swift in Sources */ = {isa = PBXBuildFile; fileRef = AFC65DA4274771650050769D /* KayayuScreen.swift */; };
		AFC65DAA274792AD0050769D /* LandingViewController.swift in Sources */ = {isa = PBXBuildFile; fileRef = AFC65DA9274792AD0050769D /* LandingViewController.swift */; };
		AFC65DB52747ABBA0050769D /* LoginViewController.swift in Sources */ = {isa = PBXBuildFile; fileRef = AFC65DB42747ABBA0050769D /* LoginViewController.swift */; };
		AFC65DBA2747ABCA0050769D /* RegisterViewController.swift in Sources */ = {isa = PBXBuildFile; fileRef = AFC65DB92747ABCA0050769D /* RegisterViewController.swift */; };
		AFC65DC02747B35F0050769D /* HomeComponentNode.swift in Sources */ = {isa = PBXBuildFile; fileRef = AFC65DBF2747B35F0050769D /* HomeComponentNode.swift */; };
		F8FE736D58E62824A62A835D /* Pods_kayayuApp.framework in Frameworks */ = {isa = PBXBuildFile; fileRef = 19CF803411E5171511D76405 /* Pods_kayayuApp.framework */; };
/* End PBXBuildFile section */

/* Begin PBXContainerItemProxy section */
		0ABC632F273929880041087F /* PBXContainerItemProxy */ = {
			isa = PBXContainerItemProxy;
			containerPortal = 0ABC630D273929860041087F /* Project object */;
			proxyType = 1;
			remoteGlobalIDString = 0ABC6314273929860041087F;
			remoteInfo = kayayuApp;
		};
		0ABC633A273929880041087F /* PBXContainerItemProxy */ = {
			isa = PBXContainerItemProxy;
			containerPortal = 0ABC630D273929860041087F /* Project object */;
			proxyType = 1;
			remoteGlobalIDString = 0ABC6314273929860041087F;
			remoteInfo = kayayuApp;
		};
/* End PBXContainerItemProxy section */

/* Begin PBXFileReference section */
		00E88A025289E98DBEC2CF6C /* Pods-kayayuApp.debug.xcconfig */ = {isa = PBXFileReference; includeInIndex = 1; lastKnownFileType = text.xcconfig; name = "Pods-kayayuApp.debug.xcconfig"; path = "Target Support Files/Pods-kayayuApp/Pods-kayayuApp.debug.xcconfig"; sourceTree = "<group>"; };
		0A20A9C327411024005E8BB6 /* TabBar.swift */ = {isa = PBXFileReference; lastKnownFileType = sourcecode.swift; path = TabBar.swift; sourceTree = "<group>"; };
		0A2A6893273D5FFF0062501C /* HomeNode.swift */ = {isa = PBXFileReference; lastKnownFileType = sourcecode.swift; path = HomeNode.swift; sourceTree = "<group>"; };
		0A2D89A6275F424B00F1F9C7 /* AuthenticationViewModel.swift */ = {isa = PBXFileReference; fileEncoding = 4; lastKnownFileType = sourcecode.swift; path = AuthenticationViewModel.swift; sourceTree = "<group>"; };
		0A2D89A7275F424B00F1F9C7 /* HomeViewModel.swift */ = {isa = PBXFileReference; fileEncoding = 4; lastKnownFileType = sourcecode.swift; path = HomeViewModel.swift; sourceTree = "<group>"; };
		0A2D89F7275F42F600F1F9C7 /* KayayuModel.swift */ = {isa = PBXFileReference; fileEncoding = 4; lastKnownFileType = sourcecode.swift; path = KayayuModel.swift; sourceTree = "<group>"; };
		0A2D8A01275F4AE600F1F9C7 /* GoogleService-Info.plist */ = {isa = PBXFileReference; lastKnownFileType = text.plist; path = "GoogleService-Info.plist"; sourceTree = SOURCE_ROOT; };
		0A337AB8275E503900B04508 /* ProfileNode.swift */ = {isa = PBXFileReference; lastKnownFileType = sourcecode.swift; path = ProfileNode.swift; sourceTree = "<group>"; };
		0A337ABD275E517700B04508 /* ProfileViewController.swift */ = {isa = PBXFileReference; lastKnownFileType = sourcecode.swift; path = ProfileViewController.swift; sourceTree = "<group>"; };
		0A337AC2275E540500B04508 /* ProfileCellNode.swift */ = {isa = PBXFileReference; lastKnownFileType = sourcecode.swift; path = ProfileCellNode.swift; sourceTree = "<group>"; };
		0A8D94E6274D26F300BB55FC /* StatsNode.swift */ = {isa = PBXFileReference; lastKnownFileType = sourcecode.swift; path = StatsNode.swift; sourceTree = "<group>"; };
		0A8D950C274D2B2400BB55FC /* StatsViewController.swift */ = {isa = PBXFileReference; lastKnownFileType = sourcecode.swift; path = StatsViewController.swift; sourceTree = "<group>"; };
		0A8D9511274D320600BB55FC /* RealisationStatsNode.swift */ = {isa = PBXFileReference; lastKnownFileType = sourcecode.swift; path = RealisationStatsNode.swift; sourceTree = "<group>"; };
		0A8D9516274D333500BB55FC /* PlanStatsNode.swift */ = {isa = PBXFileReference; lastKnownFileType = sourcecode.swift; path = PlanStatsNode.swift; sourceTree = "<group>"; };
		0AAA2673273A65900063D876 /* BigButton.swift */ = {isa = PBXFileReference; lastKnownFileType = sourcecode.swift; path = BigButton.swift; sourceTree = "<group>"; };
		0AAA2684273AAA230063D876 /* RegisterNode.swift */ = {isa = PBXFileReference; lastKnownFileType = sourcecode.swift; path = RegisterNode.swift; sourceTree = "<group>"; };
		0AAA2689273AB0700063D876 /* SummaryHeader.swift */ = {isa = PBXFileReference; lastKnownFileType = sourcecode.swift; path = SummaryHeader.swift; sourceTree = "<group>"; };
		0ABC6315273929860041087F /* kayayuApp.app */ = {isa = PBXFileReference; explicitFileType = wrapper.application; includeInIndex = 0; path = kayayuApp.app; sourceTree = BUILT_PRODUCTS_DIR; };
		0ABC6318273929860041087F /* AppDelegate.swift */ = {isa = PBXFileReference; lastKnownFileType = sourcecode.swift; path = AppDelegate.swift; sourceTree = "<group>"; };
		0ABC631A273929860041087F /* SceneDelegate.swift */ = {isa = PBXFileReference; lastKnownFileType = sourcecode.swift; path = SceneDelegate.swift; sourceTree = "<group>"; };
		0ABC631C273929860041087F /* ViewController.swift */ = {isa = PBXFileReference; lastKnownFileType = sourcecode.swift; path = ViewController.swift; sourceTree = "<group>"; };
		0ABC6322273929860041087F /* kayayuApp.xcdatamodel */ = {isa = PBXFileReference; lastKnownFileType = wrapper.xcdatamodel; path = kayayuApp.xcdatamodel; sourceTree = "<group>"; };
		0ABC6324273929880041087F /* Assets.xcassets */ = {isa = PBXFileReference; lastKnownFileType = folder.assetcatalog; path = Assets.xcassets; sourceTree = "<group>"; };
		0ABC6327273929880041087F /* Base */ = {isa = PBXFileReference; lastKnownFileType = file.storyboard; name = Base; path = Base.lproj/LaunchScreen.storyboard; sourceTree = "<group>"; };
		0ABC6329273929880041087F /* Info.plist */ = {isa = PBXFileReference; lastKnownFileType = text.plist.xml; path = Info.plist; sourceTree = "<group>"; };
		0ABC632E273929880041087F /* kayayuAppTests.xctest */ = {isa = PBXFileReference; explicitFileType = wrapper.cfbundle; includeInIndex = 0; path = kayayuAppTests.xctest; sourceTree = BUILT_PRODUCTS_DIR; };
		0ABC6332273929880041087F /* kayayuAppTests.swift */ = {isa = PBXFileReference; lastKnownFileType = sourcecode.swift; path = kayayuAppTests.swift; sourceTree = "<group>"; };
		0ABC6334273929880041087F /* Info.plist */ = {isa = PBXFileReference; lastKnownFileType = text.plist.xml; path = Info.plist; sourceTree = "<group>"; };
		0ABC6339273929880041087F /* kayayuAppUITests.xctest */ = {isa = PBXFileReference; explicitFileType = wrapper.cfbundle; includeInIndex = 0; path = kayayuAppUITests.xctest; sourceTree = BUILT_PRODUCTS_DIR; };
		0ABC633D273929880041087F /* kayayuAppUITests.swift */ = {isa = PBXFileReference; lastKnownFileType = sourcecode.swift; path = kayayuAppUITests.swift; sourceTree = "<group>"; };
		0ABC633F273929880041087F /* Info.plist */ = {isa = PBXFileReference; lastKnownFileType = text.plist.xml; path = Info.plist; sourceTree = "<group>"; };
		0ABC636E273933800041087F /* LandingNode.swift */ = {isa = PBXFileReference; lastKnownFileType = sourcecode.swift; path = LandingNode.swift; sourceTree = "<group>"; };
		0ABC6379273933E00041087F /* NSAttributedString+Extension.swift */ = {isa = PBXFileReference; lastKnownFileType = sourcecode.swift; path = "NSAttributedString+Extension.swift"; sourceTree = "<group>"; };
		0ABC637E273934020041087F /* ColorHelper.swift */ = {isa = PBXFileReference; lastKnownFileType = sourcecode.swift; path = ColorHelper.swift; sourceTree = "<group>"; };
		0ABC639527393B710041087F /* LoginNode.swift */ = {isa = PBXFileReference; lastKnownFileType = sourcecode.swift; path = LoginNode.swift; sourceTree = "<group>"; };
		0ADCBA87275E5F2500F15F5E /* SubscriptionTableNode.swift */ = {isa = PBXFileReference; lastKnownFileType = sourcecode.swift; path = SubscriptionTableNode.swift; sourceTree = "<group>"; };
		0ADCBA8F275E5F3100F15F5E /* SubscriptionCellNode.swift */ = {isa = PBXFileReference; lastKnownFileType = sourcecode.swift; path = SubscriptionCellNode.swift; sourceTree = "<group>"; };
		0ADCBA94275E793A00F15F5E /* SubscriptionViewController.swift */ = {isa = PBXFileReference; lastKnownFileType = sourcecode.swift; path = SubscriptionViewController.swift; sourceTree = "<group>"; };
		0ADCBA9A275E7D9A00F15F5E /* InstallmentTableNode.swift */ = {isa = PBXFileReference; lastKnownFileType = sourcecode.swift; name = InstallmentTableNode.swift; path = ../../../../../../../InstallmentTableNode.swift; sourceTree = "<group>"; };
		0ADCBAA2275E7DB900F15F5E /* InstallmentCellNode.swift */ = {isa = PBXFileReference; lastKnownFileType = sourcecode.swift; path = InstallmentCellNode.swift; sourceTree = "<group>"; };
		0ADCBAA7275E7F4A00F15F5E /* InstallmentViewController.swift */ = {isa = PBXFileReference; lastKnownFileType = sourcecode.swift; path = InstallmentViewController.swift; sourceTree = "<group>"; };
		19CF803411E5171511D76405 /* Pods_kayayuApp.framework */ = {isa = PBXFileReference; explicitFileType = wrapper.framework; includeInIndex = 0; path = Pods_kayayuApp.framework; sourceTree = BUILT_PRODUCTS_DIR; };
		1FB27307FCD7EA40AB8FD23C /* Pods-kayayuApp-kayayuAppUITests.release.xcconfig */ = {isa = PBXFileReference; includeInIndex = 1; lastKnownFileType = text.xcconfig; name = "Pods-kayayuApp-kayayuAppUITests.release.xcconfig"; path = "Target Support Files/Pods-kayayuApp-kayayuAppUITests/Pods-kayayuApp-kayayuAppUITests.release.xcconfig"; sourceTree = "<group>"; };
		3E1339BCD22858A220D83D19 /* Pods-kayayuApp.release.xcconfig */ = {isa = PBXFileReference; includeInIndex = 1; lastKnownFileType = text.xcconfig; name = "Pods-kayayuApp.release.xcconfig"; path = "Target Support Files/Pods-kayayuApp/Pods-kayayuApp.release.xcconfig"; sourceTree = "<group>"; };
		651BDCE5628506A5C42110B6 /* Pods-kayayuAppTests.debug.xcconfig */ = {isa = PBXFileReference; includeInIndex = 1; lastKnownFileType = text.xcconfig; name = "Pods-kayayuAppTests.debug.xcconfig"; path = "Target Support Files/Pods-kayayuAppTests/Pods-kayayuAppTests.debug.xcconfig"; sourceTree = "<group>"; };
		7DB112B7AC5AF693BA7722ED /* Pods-kayayuApp-kayayuAppUITests.debug.xcconfig */ = {isa = PBXFileReference; includeInIndex = 1; lastKnownFileType = text.xcconfig; name = "Pods-kayayuApp-kayayuAppUITests.debug.xcconfig"; path = "Target Support Files/Pods-kayayuApp-kayayuAppUITests/Pods-kayayuApp-kayayuAppUITests.debug.xcconfig"; sourceTree = "<group>"; };
		8BE0F7CF46CE50315528DBA6 /* Pods_kayayuAppTests.framework */ = {isa = PBXFileReference; explicitFileType = wrapper.framework; includeInIndex = 0; path = Pods_kayayuAppTests.framework; sourceTree = BUILT_PRODUCTS_DIR; };
		AF020192274252C60033D067 /* TransactionTableNode.swift */ = {isa = PBXFileReference; lastKnownFileType = sourcecode.swift; path = TransactionTableNode.swift; sourceTree = "<group>"; };
		AF0201972742545C0033D067 /* TransactionCellNode.swift */ = {isa = PBXFileReference; lastKnownFileType = sourcecode.swift; path = TransactionCellNode.swift; sourceTree = "<group>"; };
		AF2C1866274607AB00482D6E /* CalendarHelper.swift */ = {isa = PBXFileReference; lastKnownFileType = sourcecode.swift; path = CalendarHelper.swift; sourceTree = "<group>"; };
		AF2C18742746165600482D6E /* TransactionTableHeaderNode.swift */ = {isa = PBXFileReference; lastKnownFileType = sourcecode.swift; path = TransactionTableHeaderNode.swift; sourceTree = "<group>"; };
		AF2C18842746477E00482D6E /* TransactionDateCellNode.swift */ = {isa = PBXFileReference; lastKnownFileType = sourcecode.swift; path = TransactionDateCellNode.swift; sourceTree = "<group>"; };
		AF2C188A27464E6A00482D6E /* HomeTableTransaction.swift */ = {isa = PBXFileReference; lastKnownFileType = sourcecode.swift; path = HomeTableTransaction.swift; sourceTree = "<group>"; };
		AF2C1893274656CE00482D6E /* HomeViewController.swift */ = {isa = PBXFileReference; lastKnownFileType = sourcecode.swift; name = HomeViewController.swift; path = kayayuApp/Views/HomeViewController.swift; sourceTree = SOURCE_ROOT; };
		AF7591D4274E4381003B8708 /* RatioRealisationDetailNode.swift */ = {isa = PBXFileReference; lastKnownFileType = sourcecode.swift; path = RatioRealisationDetailNode.swift; sourceTree = "<group>"; };
		AF7591D9274E43DE003B8708 /* StatsDateHeader.swift */ = {isa = PBXFileReference; lastKnownFileType = sourcecode.swift; path = StatsDateHeader.swift; sourceTree = "<group>"; };
		AFA9CDD4274F759A00E520A3 /* AddIncomeRecordNode.swift */ = {isa = PBXFileReference; lastKnownFileType = sourcecode.swift; path = AddIncomeRecordNode.swift; sourceTree = "<group>"; };
		AFA9CDE1274F766300E520A3 /* AddRecordeNode.swift */ = {isa = PBXFileReference; lastKnownFileType = sourcecode.swift; path = AddRecordeNode.swift; sourceTree = "<group>"; };
		AFA9CDEA274F776C00E520A3 /* AddExpenseRecordNode.swift */ = {isa = PBXFileReference; lastKnownFileType = sourcecode.swift; path = AddExpenseRecordNode.swift; sourceTree = "<group>"; };
		AFA9CDEF274F78A800E520A3 /* AddRecordViewController.swift */ = {isa = PBXFileReference; lastKnownFileType = sourcecode.swift; path = AddRecordViewController.swift; sourceTree = "<group>"; };
		AFBA5F58274DF8F6002455A7 /* KayayuHelper.swift */ = {isa = PBXFileReference; lastKnownFileType = sourcecode.swift; path = KayayuHelper.swift; sourceTree = "<group>"; };
		AFC65D9F27476F000050769D /* KayayuCoordinator.swift */ = {isa = PBXFileReference; lastKnownFileType = sourcecode.swift; path = KayayuCoordinator.swift; sourceTree = "<group>"; };
		AFC65DA4274771650050769D /* KayayuScreen.swift */ = {isa = PBXFileReference; lastKnownFileType = sourcecode.swift; path = KayayuScreen.swift; sourceTree = "<group>"; };
		AFC65DA9274792AD0050769D /* LandingViewController.swift */ = {isa = PBXFileReference; lastKnownFileType = sourcecode.swift; name = LandingViewController.swift; path = kayayuApp/LandingViewController.swift; sourceTree = SOURCE_ROOT; };
		AFC65DB42747ABBA0050769D /* LoginViewController.swift */ = {isa = PBXFileReference; lastKnownFileType = sourcecode.swift; name = LoginViewController.swift; path = kayayuApp/LoginViewController.swift; sourceTree = SOURCE_ROOT; };
		AFC65DB92747ABCA0050769D /* RegisterViewController.swift */ = {isa = PBXFileReference; lastKnownFileType = sourcecode.swift; name = RegisterViewController.swift; path = kayayuApp/RegisterViewController.swift; sourceTree = SOURCE_ROOT; };
		AFC65DBF2747B35F0050769D /* HomeComponentNode.swift */ = {isa = PBXFileReference; lastKnownFileType = sourcecode.swift; path = HomeComponentNode.swift; sourceTree = "<group>"; };
		C7235FB819E2D85E33BE23CD /* Pods-kayayuAppUITests.release.xcconfig */ = {isa = PBXFileReference; includeInIndex = 1; lastKnownFileType = text.xcconfig; name = "Pods-kayayuAppUITests.release.xcconfig"; path = "Pods/Target Support Files/Pods-kayayuAppUITests/Pods-kayayuAppUITests.release.xcconfig"; sourceTree = "<group>"; };
		C900A78C441DD273CD8708F9 /* Pods_kayayuApp_kayayuAppUITests.framework */ = {isa = PBXFileReference; explicitFileType = wrapper.framework; includeInIndex = 0; path = Pods_kayayuApp_kayayuAppUITests.framework; sourceTree = BUILT_PRODUCTS_DIR; };
		D731E75316D15D4A3F32304E /* Pods-kayayuAppTests.release.xcconfig */ = {isa = PBXFileReference; includeInIndex = 1; lastKnownFileType = text.xcconfig; name = "Pods-kayayuAppTests.release.xcconfig"; path = "Target Support Files/Pods-kayayuAppTests/Pods-kayayuAppTests.release.xcconfig"; sourceTree = "<group>"; };
/* End PBXFileReference section */

/* Begin PBXFrameworksBuildPhase section */
		0ABC6312273929860041087F /* Frameworks */ = {
			isa = PBXFrameworksBuildPhase;
			buildActionMask = 2147483647;
			files = (
				F8FE736D58E62824A62A835D /* Pods_kayayuApp.framework in Frameworks */,
			);
			runOnlyForDeploymentPostprocessing = 0;
		};
		0ABC632B273929880041087F /* Frameworks */ = {
			isa = PBXFrameworksBuildPhase;
			buildActionMask = 2147483647;
			files = (
				08C7E51F7A16FDD484AA6715 /* Pods_kayayuAppTests.framework in Frameworks */,
			);
			runOnlyForDeploymentPostprocessing = 0;
		};
		0ABC6336273929880041087F /* Frameworks */ = {
			isa = PBXFrameworksBuildPhase;
			buildActionMask = 2147483647;
			files = (
				43C8BB0E04CEC585653A687D /* Pods_kayayuApp_kayayuAppUITests.framework in Frameworks */,
			);
			runOnlyForDeploymentPostprocessing = 0;
		};
/* End PBXFrameworksBuildPhase section */

/* Begin PBXGroup section */
		0A2D89F6275F42F600F1F9C7 /* Model */ = {
			isa = PBXGroup;
			children = (
				0A2D89F7275F42F600F1F9C7 /* KayayuModel.swift */,
			);
			path = Model;
			sourceTree = "<group>";
		};
		0A337AC7275E541D00B04508 /* Profile */ = {
			isa = PBXGroup;
			children = (
				0ADCBA99275E7D8700F15F5E /* Installment */,
				0ADCBA86275E5F1100F15F5E /* Subscription */,
				0A337AB8275E503900B04508 /* ProfileNode.swift */,
				0A337AC2275E540500B04508 /* ProfileCellNode.swift */,
			);
			path = Profile;
			sourceTree = "<group>";
		};
		0A8D951B274D333B00BB55FC /* Stats */ = {
			isa = PBXGroup;
			children = (
				0A8D94E6274D26F300BB55FC /* StatsNode.swift */,
				0A8D9511274D320600BB55FC /* RealisationStatsNode.swift */,
				0A8D9516274D333500BB55FC /* PlanStatsNode.swift */,
				AF7591D4274E4381003B8708 /* RatioRealisationDetailNode.swift */,
				AF7591D9274E43DE003B8708 /* StatsDateHeader.swift */,
			);
			path = Stats;
			sourceTree = "<group>";
		};
		0AAA2672273A65750063D876 /* Component */ = {
			isa = PBXGroup;
			children = (
				0AAA2673273A65900063D876 /* BigButton.swift */,
				0AAA2689273AB0700063D876 /* SummaryHeader.swift */,
				0A20A9C327411024005E8BB6 /* TabBar.swift */,
			);
			path = Component;
			sourceTree = "<group>";
		};
		0ABC630C273929860041087F = {
			isa = PBXGroup;
			children = (
				0ABC6317273929860041087F /* kayayuApp */,
				0ABC6331273929880041087F /* kayayuAppTests */,
				0ABC633C273929880041087F /* kayayuAppUITests */,
				0ABC6316273929860041087F /* Products */,
				E949D484373EE7F83AF88521 /* Pods */,
				FFBEA00B58510C38942D3230 /* Frameworks */,
			);
			sourceTree = "<group>";
		};
		0ABC6316273929860041087F /* Products */ = {
			isa = PBXGroup;
			children = (
				0ABC6315273929860041087F /* kayayuApp.app */,
				0ABC632E273929880041087F /* kayayuAppTests.xctest */,
				0ABC6339273929880041087F /* kayayuAppUITests.xctest */,
			);
			name = Products;
			sourceTree = "<group>";
		};
		0ABC6317273929860041087F /* kayayuApp */ = {
			isa = PBXGroup;
			children = (
				0A2D89F6275F42F600F1F9C7 /* Model */,
				AFC65DBE2747B2F70050769D /* Coordinator */,
				0ABC636D2739335C0041087F /* ViewController */,
				0ABC636C273933560041087F /* ViewModel */,
				0ABC636B273933510041087F /* Helper */,
				0ABC636A2739334B0041087F /* Views */,
				0ABC6318273929860041087F /* AppDelegate.swift */,
				0ABC631A273929860041087F /* SceneDelegate.swift */,
				0ABC631C273929860041087F /* ViewController.swift */,
				0ABC6324273929880041087F /* Assets.xcassets */,
				0ABC6326273929880041087F /* LaunchScreen.storyboard */,
				0ABC6329273929880041087F /* Info.plist */,
				0ABC6321273929860041087F /* kayayuApp.xcdatamodeld */,
				0A2D8A01275F4AE600F1F9C7 /* GoogleService-Info.plist */,
			);
			path = kayayuApp;
			sourceTree = "<group>";
		};
		0ABC6331273929880041087F /* kayayuAppTests */ = {
			isa = PBXGroup;
			children = (
				0ABC6332273929880041087F /* kayayuAppTests.swift */,
				0ABC6334273929880041087F /* Info.plist */,
			);
			path = kayayuAppTests;
			sourceTree = "<group>";
		};
		0ABC633C273929880041087F /* kayayuAppUITests */ = {
			isa = PBXGroup;
			children = (
				0ABC633D273929880041087F /* kayayuAppUITests.swift */,
				0ABC633F273929880041087F /* Info.plist */,
			);
			path = kayayuAppUITests;
			sourceTree = "<group>";
		};
		0ABC636A2739334B0041087F /* Views */ = {
			isa = PBXGroup;
			children = (
				0AAA2672273A65750063D876 /* Component */,
				AFA9CDE6274F767200E520A3 /* Add Record */,
				0A8D951B274D333B00BB55FC /* Stats */,
				AF2C188F27464FF400482D6E /* Home */,
				AF2C188927464E2700482D6E /* TableTransaction */,
				0A337AC7275E541D00B04508 /* Profile */,
				0ABC636E273933800041087F /* LandingNode.swift */,
				0ABC639527393B710041087F /* LoginNode.swift */,
				0AAA2684273AAA230063D876 /* RegisterNode.swift */,
			);
			path = Views;
			sourceTree = "<group>";
		};
		0ABC636B273933510041087F /* Helper */ = {
			isa = PBXGroup;
			children = (
				0ABC6379273933E00041087F /* NSAttributedString+Extension.swift */,
				0ABC637E273934020041087F /* ColorHelper.swift */,
				AF2C1866274607AB00482D6E /* CalendarHelper.swift */,
				AFBA5F58274DF8F6002455A7 /* KayayuHelper.swift */,
			);
			path = Helper;
			sourceTree = "<group>";
		};
		0ABC636C273933560041087F /* ViewModel */ = {
			isa = PBXGroup;
			children = (
				0A2D89A6275F424B00F1F9C7 /* AuthenticationViewModel.swift */,
				0A2D89A7275F424B00F1F9C7 /* HomeViewModel.swift */,
			);
			path = ViewModel;
			sourceTree = "<group>";
		};
		0ABC636D2739335C0041087F /* ViewController */ = {
			isa = PBXGroup;
			children = (
				AF2C1893274656CE00482D6E /* HomeViewController.swift */,
				AFC65DA9274792AD0050769D /* LandingViewController.swift */,
				AFC65DB42747ABBA0050769D /* LoginViewController.swift */,
				AFC65DB92747ABCA0050769D /* RegisterViewController.swift */,
				0A8D950C274D2B2400BB55FC /* StatsViewController.swift */,
				AFA9CDEF274F78A800E520A3 /* AddRecordViewController.swift */,
				0A337ABD275E517700B04508 /* ProfileViewController.swift */,
				0ADCBA94275E793A00F15F5E /* SubscriptionViewController.swift */,
				0ADCBAA7275E7F4A00F15F5E /* InstallmentViewController.swift */,
			);
			path = ViewController;
			sourceTree = "<group>";
		};
		0ADCBA86275E5F1100F15F5E /* Subscription */ = {
			isa = PBXGroup;
			children = (
				0ADCBA87275E5F2500F15F5E /* SubscriptionTableNode.swift */,
				0ADCBA8F275E5F3100F15F5E /* SubscriptionCellNode.swift */,
			);
			path = Subscription;
			sourceTree = "<group>";
		};
		0ADCBA99275E7D8700F15F5E /* Installment */ = {
			isa = PBXGroup;
			children = (
				0ADCBA9A275E7D9A00F15F5E /* InstallmentTableNode.swift */,
				0ADCBAA2275E7DB900F15F5E /* InstallmentCellNode.swift */,
			);
			path = Installment;
			sourceTree = "<group>";
		};
		AF2C188927464E2700482D6E /* TableTransaction */ = {
			isa = PBXGroup;
			children = (
				AF2C18742746165600482D6E /* TransactionTableHeaderNode.swift */,
				AF020192274252C60033D067 /* TransactionTableNode.swift */,
				AF0201972742545C0033D067 /* TransactionCellNode.swift */,
				AF2C18842746477E00482D6E /* TransactionDateCellNode.swift */,
			);
			path = TableTransaction;
			sourceTree = "<group>";
		};
		AF2C188F27464FF400482D6E /* Home */ = {
			isa = PBXGroup;
			children = (
				0A2A6893273D5FFF0062501C /* HomeNode.swift */,
				AF2C188A27464E6A00482D6E /* HomeTableTransaction.swift */,
				AFC65DBF2747B35F0050769D /* HomeComponentNode.swift */,
			);
			path = Home;
			sourceTree = "<group>";
		};
		AFA9CDE6274F767200E520A3 /* Add Record */ = {
			isa = PBXGroup;
			children = (
				AFA9CDE1274F766300E520A3 /* AddRecordeNode.swift */,
				AFA9CDD4274F759A00E520A3 /* AddIncomeRecordNode.swift */,
				AFA9CDEA274F776C00E520A3 /* AddExpenseRecordNode.swift */,
			);
			path = "Add Record";
			sourceTree = "<group>";
		};
		AFC65DBE2747B2F70050769D /* Coordinator */ = {
			isa = PBXGroup;
			children = (
				AFC65D9F27476F000050769D /* KayayuCoordinator.swift */,
				AFC65DA4274771650050769D /* KayayuScreen.swift */,
			);
			path = Coordinator;
			sourceTree = "<group>";
		};
		E949D484373EE7F83AF88521 /* Pods */ = {
			isa = PBXGroup;
			children = (
				C7235FB819E2D85E33BE23CD /* Pods-kayayuAppUITests.release.xcconfig */,
				00E88A025289E98DBEC2CF6C /* Pods-kayayuApp.debug.xcconfig */,
				3E1339BCD22858A220D83D19 /* Pods-kayayuApp.release.xcconfig */,
				7DB112B7AC5AF693BA7722ED /* Pods-kayayuApp-kayayuAppUITests.debug.xcconfig */,
				1FB27307FCD7EA40AB8FD23C /* Pods-kayayuApp-kayayuAppUITests.release.xcconfig */,
				651BDCE5628506A5C42110B6 /* Pods-kayayuAppTests.debug.xcconfig */,
				D731E75316D15D4A3F32304E /* Pods-kayayuAppTests.release.xcconfig */,
			);
			path = Pods;
			sourceTree = "<group>";
		};
		FFBEA00B58510C38942D3230 /* Frameworks */ = {
			isa = PBXGroup;
			children = (
				19CF803411E5171511D76405 /* Pods_kayayuApp.framework */,
				8BE0F7CF46CE50315528DBA6 /* Pods_kayayuAppTests.framework */,
				C900A78C441DD273CD8708F9 /* Pods_kayayuApp_kayayuAppUITests.framework */,
			);
			name = Frameworks;
			sourceTree = "<group>";
		};
/* End PBXGroup section */

/* Begin PBXNativeTarget section */
		0ABC6314273929860041087F /* kayayuApp */ = {
			isa = PBXNativeTarget;
			buildConfigurationList = 0ABC6342273929880041087F /* Build configuration list for PBXNativeTarget "kayayuApp" */;
			buildPhases = (
				FD5560523F5B63409349C41C /* [CP] Check Pods Manifest.lock */,
				0ABC6311273929860041087F /* Sources */,
				0ABC6312273929860041087F /* Frameworks */,
				0ABC6313273929860041087F /* Resources */,
				6400526D7E7E2F344E10BD36 /* [CP] Embed Pods Frameworks */,
			);
			buildRules = (
			);
			dependencies = (
			);
			name = kayayuApp;
			productName = kayayuApp;
			productReference = 0ABC6315273929860041087F /* kayayuApp.app */;
			productType = "com.apple.product-type.application";
		};
		0ABC632D273929880041087F /* kayayuAppTests */ = {
			isa = PBXNativeTarget;
			buildConfigurationList = 0ABC6345273929880041087F /* Build configuration list for PBXNativeTarget "kayayuAppTests" */;
			buildPhases = (
				10CB89A65FE5E3BAEC1FD2A4 /* [CP] Check Pods Manifest.lock */,
				0ABC632A273929880041087F /* Sources */,
				0ABC632B273929880041087F /* Frameworks */,
				0ABC632C273929880041087F /* Resources */,
				D76A7AA97915CFF718FACDAF /* [CP] Embed Pods Frameworks */,
			);
			buildRules = (
			);
			dependencies = (
				0ABC6330273929880041087F /* PBXTargetDependency */,
			);
			name = kayayuAppTests;
			productName = kayayuAppTests;
			productReference = 0ABC632E273929880041087F /* kayayuAppTests.xctest */;
			productType = "com.apple.product-type.bundle.unit-test";
		};
		0ABC6338273929880041087F /* kayayuAppUITests */ = {
			isa = PBXNativeTarget;
			buildConfigurationList = 0ABC6348273929880041087F /* Build configuration list for PBXNativeTarget "kayayuAppUITests" */;
			buildPhases = (
				C178F053142B4768C160CBA2 /* [CP] Check Pods Manifest.lock */,
				0ABC6335273929880041087F /* Sources */,
				0ABC6336273929880041087F /* Frameworks */,
				0ABC6337273929880041087F /* Resources */,
				B8000C4CBA4AB637E2AA7BAF /* [CP] Embed Pods Frameworks */,
			);
			buildRules = (
			);
			dependencies = (
				0ABC633B273929880041087F /* PBXTargetDependency */,
			);
			name = kayayuAppUITests;
			productName = kayayuAppUITests;
			productReference = 0ABC6339273929880041087F /* kayayuAppUITests.xctest */;
			productType = "com.apple.product-type.bundle.ui-testing";
		};
/* End PBXNativeTarget section */

/* Begin PBXProject section */
		0ABC630D273929860041087F /* Project object */ = {
			isa = PBXProject;
			attributes = {
				LastSwiftUpdateCheck = 1240;
				LastUpgradeCheck = 1240;
				TargetAttributes = {
					0ABC6314273929860041087F = {
						CreatedOnToolsVersion = 12.4;
					};
					0ABC632D273929880041087F = {
						CreatedOnToolsVersion = 12.4;
						TestTargetID = 0ABC6314273929860041087F;
					};
					0ABC6338273929880041087F = {
						CreatedOnToolsVersion = 12.4;
						TestTargetID = 0ABC6314273929860041087F;
					};
				};
			};
			buildConfigurationList = 0ABC6310273929860041087F /* Build configuration list for PBXProject "kayayuApp" */;
			compatibilityVersion = "Xcode 9.3";
			developmentRegion = en;
			hasScannedForEncodings = 0;
			knownRegions = (
				en,
				Base,
			);
			mainGroup = 0ABC630C273929860041087F;
			productRefGroup = 0ABC6316273929860041087F /* Products */;
			projectDirPath = "";
			projectRoot = "";
			targets = (
				0ABC6314273929860041087F /* kayayuApp */,
				0ABC632D273929880041087F /* kayayuAppTests */,
				0ABC6338273929880041087F /* kayayuAppUITests */,
			);
		};
/* End PBXProject section */

/* Begin PBXResourcesBuildPhase section */
		0ABC6313273929860041087F /* Resources */ = {
			isa = PBXResourcesBuildPhase;
			buildActionMask = 2147483647;
			files = (
				0ABC6328273929880041087F /* LaunchScreen.storyboard in Resources */,
				0ABC6325273929880041087F /* Assets.xcassets in Resources */,
				0A2D8A02275F4AE600F1F9C7 /* GoogleService-Info.plist in Resources */,
			);
			runOnlyForDeploymentPostprocessing = 0;
		};
		0ABC632C273929880041087F /* Resources */ = {
			isa = PBXResourcesBuildPhase;
			buildActionMask = 2147483647;
			files = (
				0A2D8A03275F4AE600F1F9C7 /* GoogleService-Info.plist in Resources */,
			);
			runOnlyForDeploymentPostprocessing = 0;
		};
		0ABC6337273929880041087F /* Resources */ = {
			isa = PBXResourcesBuildPhase;
			buildActionMask = 2147483647;
			files = (
				0A2D8A04275F4AE600F1F9C7 /* GoogleService-Info.plist in Resources */,
			);
			runOnlyForDeploymentPostprocessing = 0;
		};
/* End PBXResourcesBuildPhase section */

/* Begin PBXShellScriptBuildPhase section */
		10CB89A65FE5E3BAEC1FD2A4 /* [CP] Check Pods Manifest.lock */ = {
			isa = PBXShellScriptBuildPhase;
			buildActionMask = 2147483647;
			files = (
			);
			inputFileListPaths = (
			);
			inputPaths = (
				"${PODS_PODFILE_DIR_PATH}/Podfile.lock",
				"${PODS_ROOT}/Manifest.lock",
			);
			name = "[CP] Check Pods Manifest.lock";
			outputFileListPaths = (
			);
			outputPaths = (
				"$(DERIVED_FILE_DIR)/Pods-kayayuAppTests-checkManifestLockResult.txt",
			);
			runOnlyForDeploymentPostprocessing = 0;
			shellPath = /bin/sh;
			shellScript = "diff \"${PODS_PODFILE_DIR_PATH}/Podfile.lock\" \"${PODS_ROOT}/Manifest.lock\" > /dev/null\nif [ $? != 0 ] ; then\n    # print error to STDERR\n    echo \"error: The sandbox is not in sync with the Podfile.lock. Run 'pod install' or update your CocoaPods installation.\" >&2\n    exit 1\nfi\n# This output is used by Xcode 'outputs' to avoid re-running this script phase.\necho \"SUCCESS\" > \"${SCRIPT_OUTPUT_FILE_0}\"\n";
			showEnvVarsInLog = 0;
		};
		6400526D7E7E2F344E10BD36 /* [CP] Embed Pods Frameworks */ = {
			isa = PBXShellScriptBuildPhase;
			buildActionMask = 2147483647;
			files = (
			);
			inputFileListPaths = (
				"${PODS_ROOT}/Target Support Files/Pods-kayayuApp/Pods-kayayuApp-frameworks-${CONFIGURATION}-input-files.xcfilelist",
			);
			name = "[CP] Embed Pods Frameworks";
			outputFileListPaths = (
				"${PODS_ROOT}/Target Support Files/Pods-kayayuApp/Pods-kayayuApp-frameworks-${CONFIGURATION}-output-files.xcfilelist",
			);
			runOnlyForDeploymentPostprocessing = 0;
			shellPath = /bin/sh;
			shellScript = "\"${PODS_ROOT}/Target Support Files/Pods-kayayuApp/Pods-kayayuApp-frameworks.sh\"\n";
			showEnvVarsInLog = 0;
		};
		B8000C4CBA4AB637E2AA7BAF /* [CP] Embed Pods Frameworks */ = {
			isa = PBXShellScriptBuildPhase;
			buildActionMask = 2147483647;
			files = (
			);
			inputFileListPaths = (
				"${PODS_ROOT}/Target Support Files/Pods-kayayuApp-kayayuAppUITests/Pods-kayayuApp-kayayuAppUITests-frameworks-${CONFIGURATION}-input-files.xcfilelist",
			);
			name = "[CP] Embed Pods Frameworks";
			outputFileListPaths = (
				"${PODS_ROOT}/Target Support Files/Pods-kayayuApp-kayayuAppUITests/Pods-kayayuApp-kayayuAppUITests-frameworks-${CONFIGURATION}-output-files.xcfilelist",
			);
			runOnlyForDeploymentPostprocessing = 0;
			shellPath = /bin/sh;
			shellScript = "\"${PODS_ROOT}/Target Support Files/Pods-kayayuApp-kayayuAppUITests/Pods-kayayuApp-kayayuAppUITests-frameworks.sh\"\n";
			showEnvVarsInLog = 0;
		};
		C178F053142B4768C160CBA2 /* [CP] Check Pods Manifest.lock */ = {
			isa = PBXShellScriptBuildPhase;
			buildActionMask = 2147483647;
			files = (
			);
			inputFileListPaths = (
			);
			inputPaths = (
				"${PODS_PODFILE_DIR_PATH}/Podfile.lock",
				"${PODS_ROOT}/Manifest.lock",
			);
			name = "[CP] Check Pods Manifest.lock";
			outputFileListPaths = (
			);
			outputPaths = (
				"$(DERIVED_FILE_DIR)/Pods-kayayuApp-kayayuAppUITests-checkManifestLockResult.txt",
			);
			runOnlyForDeploymentPostprocessing = 0;
			shellPath = /bin/sh;
			shellScript = "diff \"${PODS_PODFILE_DIR_PATH}/Podfile.lock\" \"${PODS_ROOT}/Manifest.lock\" > /dev/null\nif [ $? != 0 ] ; then\n    # print error to STDERR\n    echo \"error: The sandbox is not in sync with the Podfile.lock. Run 'pod install' or update your CocoaPods installation.\" >&2\n    exit 1\nfi\n# This output is used by Xcode 'outputs' to avoid re-running this script phase.\necho \"SUCCESS\" > \"${SCRIPT_OUTPUT_FILE_0}\"\n";
			showEnvVarsInLog = 0;
		};
		D76A7AA97915CFF718FACDAF /* [CP] Embed Pods Frameworks */ = {
			isa = PBXShellScriptBuildPhase;
			buildActionMask = 2147483647;
			files = (
			);
			inputFileListPaths = (
				"${PODS_ROOT}/Target Support Files/Pods-kayayuAppTests/Pods-kayayuAppTests-frameworks-${CONFIGURATION}-input-files.xcfilelist",
			);
			name = "[CP] Embed Pods Frameworks";
			outputFileListPaths = (
				"${PODS_ROOT}/Target Support Files/Pods-kayayuAppTests/Pods-kayayuAppTests-frameworks-${CONFIGURATION}-output-files.xcfilelist",
			);
			runOnlyForDeploymentPostprocessing = 0;
			shellPath = /bin/sh;
			shellScript = "\"${PODS_ROOT}/Target Support Files/Pods-kayayuAppTests/Pods-kayayuAppTests-frameworks.sh\"\n";
			showEnvVarsInLog = 0;
		};
		FD5560523F5B63409349C41C /* [CP] Check Pods Manifest.lock */ = {
			isa = PBXShellScriptBuildPhase;
			buildActionMask = 2147483647;
			files = (
			);
			inputFileListPaths = (
			);
			inputPaths = (
				"${PODS_PODFILE_DIR_PATH}/Podfile.lock",
				"${PODS_ROOT}/Manifest.lock",
			);
			name = "[CP] Check Pods Manifest.lock";
			outputFileListPaths = (
			);
			outputPaths = (
				"$(DERIVED_FILE_DIR)/Pods-kayayuApp-checkManifestLockResult.txt",
			);
			runOnlyForDeploymentPostprocessing = 0;
			shellPath = /bin/sh;
			shellScript = "diff \"${PODS_PODFILE_DIR_PATH}/Podfile.lock\" \"${PODS_ROOT}/Manifest.lock\" > /dev/null\nif [ $? != 0 ] ; then\n    # print error to STDERR\n    echo \"error: The sandbox is not in sync with the Podfile.lock. Run 'pod install' or update your CocoaPods installation.\" >&2\n    exit 1\nfi\n# This output is used by Xcode 'outputs' to avoid re-running this script phase.\necho \"SUCCESS\" > \"${SCRIPT_OUTPUT_FILE_0}\"\n";
			showEnvVarsInLog = 0;
		};
/* End PBXShellScriptBuildPhase section */

/* Begin PBXSourcesBuildPhase section */
		0ABC6311273929860041087F /* Sources */ = {
			isa = PBXSourcesBuildPhase;
			buildActionMask = 2147483647;
			files = (
				AFC65DA027476F000050769D /* KayayuCoordinator.swift in Sources */,
				0A8D9512274D320700BB55FC /* RealisationStatsNode.swift in Sources */,
				0ADCBA9B275E7D9A00F15F5E /* InstallmentTableNode.swift in Sources */,
				AF2C1894274656CE00482D6E /* HomeViewController.swift in Sources */,
				AF2C18852746477E00482D6E /* TransactionDateCellNode.swift in Sources */,
				0ABC637F273934020041087F /* ColorHelper.swift in Sources */,
				0ABC639627393B710041087F /* LoginNode.swift in Sources */,
				0AAA2674273A65900063D876 /* BigButton.swift in Sources */,
				AFBA5F59274DF8F6002455A7 /* KayayuHelper.swift in Sources */,
				AFC65DA5274771650050769D /* KayayuScreen.swift in Sources */,
				0AAA2685273AAA230063D876 /* RegisterNode.swift in Sources */,
				0ABC636F273933800041087F /* LandingNode.swift in Sources */,
				0A8D9517274D333500BB55FC /* PlanStatsNode.swift in Sources */,
				0A8D950D274D2B2400BB55FC /* StatsViewController.swift in Sources */,
				AF2C1867274607AC00482D6E /* CalendarHelper.swift in Sources */,
				0ADCBA90275E5F3100F15F5E /* SubscriptionCellNode.swift in Sources */,
				AF7591DA274E43DE003B8708 /* StatsDateHeader.swift in Sources */,
				AF2C18752746165600482D6E /* TransactionTableHeaderNode.swift in Sources */,
				AF2C188B27464E6A00482D6E /* HomeTableTransaction.swift in Sources */,
				0A2D89AB275F424B00F1F9C7 /* HomeViewModel.swift in Sources */,
				AFA9CDD5274F759A00E520A3 /* AddIncomeRecordNode.swift in Sources */,
				0ABC631D273929860041087F /* ViewController.swift in Sources */,
				AFC65DB52747ABBA0050769D /* LoginViewController.swift in Sources */,
				0ABC6319273929860041087F /* AppDelegate.swift in Sources */,
				0ABC637A273933E00041087F /* NSAttributedString+Extension.swift in Sources */,
				0A2A6894273D5FFF0062501C /* HomeNode.swift in Sources */,
				0A2D89A8275F424B00F1F9C7 /* AuthenticationViewModel.swift in Sources */,
				AF0201982742545C0033D067 /* TransactionCellNode.swift in Sources */,
				0A2D89F8275F42F600F1F9C7 /* KayayuModel.swift in Sources */,
				AF020193274252C60033D067 /* TransactionTableNode.swift in Sources */,
				0A337AB9275E503900B04508 /* ProfileNode.swift in Sources */,
				0A8D94E7274D26F300BB55FC /* StatsNode.swift in Sources */,
				0ABC631B273929860041087F /* SceneDelegate.swift in Sources */,
				0ADCBAA3275E7DB900F15F5E /* InstallmentCellNode.swift in Sources */,
				AFA9CDEB274F776C00E520A3 /* AddExpenseRecordNode.swift in Sources */,
				AFC65DC02747B35F0050769D /* HomeComponentNode.swift in Sources */,
				0ADCBA95275E793A00F15F5E /* SubscriptionViewController.swift in Sources */,
				0A20A9C427411024005E8BB6 /* TabBar.swift in Sources */,
				0A337AC3275E540500B04508 /* ProfileCellNode.swift in Sources */,
				0ABC6323273929860041087F /* kayayuApp.xcdatamodeld in Sources */,
				AF7591D5274E4381003B8708 /* RatioRealisationDetailNode.swift in Sources */,
				0ADCBAA8275E7F4A00F15F5E /* InstallmentViewController.swift in Sources */,
				AFC65DBA2747ABCA0050769D /* RegisterViewController.swift in Sources */,
				AFA9CDE2274F766300E520A3 /* AddRecordeNode.swift in Sources */,
				AFA9CDF0274F78A800E520A3 /* AddRecordViewController.swift in Sources */,
				0A337ABE275E517700B04508 /* ProfileViewController.swift in Sources */,
				0AAA268A273AB0700063D876 /* SummaryHeader.swift in Sources */,
				AFC65DAA274792AD0050769D /* LandingViewController.swift in Sources */,
				0ADCBA88275E5F2500F15F5E /* SubscriptionTableNode.swift in Sources */,
			);
			runOnlyForDeploymentPostprocessing = 0;
		};
		0ABC632A273929880041087F /* Sources */ = {
			isa = PBXSourcesBuildPhase;
			buildActionMask = 2147483647;
			files = (
				0A2D89A9275F424B00F1F9C7 /* AuthenticationViewModel.swift in Sources */,
				0A2D89F9275F42F600F1F9C7 /* KayayuModel.swift in Sources */,
				0A2D89AC275F424B00F1F9C7 /* HomeViewModel.swift in Sources */,
				0ABC6333273929880041087F /* kayayuAppTests.swift in Sources */,
			);
			runOnlyForDeploymentPostprocessing = 0;
		};
		0ABC6335273929880041087F /* Sources */ = {
			isa = PBXSourcesBuildPhase;
			buildActionMask = 2147483647;
			files = (
				0A2D89AA275F424B00F1F9C7 /* AuthenticationViewModel.swift in Sources */,
				0A2D89FA275F42F600F1F9C7 /* KayayuModel.swift in Sources */,
				0A2D89AD275F424B00F1F9C7 /* HomeViewModel.swift in Sources */,
				0ABC633E273929880041087F /* kayayuAppUITests.swift in Sources */,
			);
			runOnlyForDeploymentPostprocessing = 0;
		};
/* End PBXSourcesBuildPhase section */

/* Begin PBXTargetDependency section */
		0ABC6330273929880041087F /* PBXTargetDependency */ = {
			isa = PBXTargetDependency;
			target = 0ABC6314273929860041087F /* kayayuApp */;
			targetProxy = 0ABC632F273929880041087F /* PBXContainerItemProxy */;
		};
		0ABC633B273929880041087F /* PBXTargetDependency */ = {
			isa = PBXTargetDependency;
			target = 0ABC6314273929860041087F /* kayayuApp */;
			targetProxy = 0ABC633A273929880041087F /* PBXContainerItemProxy */;
		};
/* End PBXTargetDependency section */

/* Begin PBXVariantGroup section */
		0ABC6326273929880041087F /* LaunchScreen.storyboard */ = {
			isa = PBXVariantGroup;
			children = (
				0ABC6327273929880041087F /* Base */,
			);
			name = LaunchScreen.storyboard;
			sourceTree = "<group>";
		};
/* End PBXVariantGroup section */

/* Begin XCBuildConfiguration section */
		0ABC6340273929880041087F /* Debug */ = {
			isa = XCBuildConfiguration;
			buildSettings = {
				ALWAYS_SEARCH_USER_PATHS = NO;
				CLANG_ANALYZER_NONNULL = YES;
				CLANG_ANALYZER_NUMBER_OBJECT_CONVERSION = YES_AGGRESSIVE;
				CLANG_CXX_LANGUAGE_STANDARD = "gnu++14";
				CLANG_CXX_LIBRARY = "libc++";
				CLANG_ENABLE_MODULES = YES;
				CLANG_ENABLE_OBJC_ARC = YES;
				CLANG_ENABLE_OBJC_WEAK = YES;
				CLANG_WARN_BLOCK_CAPTURE_AUTORELEASING = YES;
				CLANG_WARN_BOOL_CONVERSION = YES;
				CLANG_WARN_COMMA = YES;
				CLANG_WARN_CONSTANT_CONVERSION = YES;
				CLANG_WARN_DEPRECATED_OBJC_IMPLEMENTATIONS = YES;
				CLANG_WARN_DIRECT_OBJC_ISA_USAGE = YES_ERROR;
				CLANG_WARN_DOCUMENTATION_COMMENTS = YES;
				CLANG_WARN_EMPTY_BODY = YES;
				CLANG_WARN_ENUM_CONVERSION = YES;
				CLANG_WARN_INFINITE_RECURSION = YES;
				CLANG_WARN_INT_CONVERSION = YES;
				CLANG_WARN_NON_LITERAL_NULL_CONVERSION = YES;
				CLANG_WARN_OBJC_IMPLICIT_RETAIN_SELF = YES;
				CLANG_WARN_OBJC_LITERAL_CONVERSION = YES;
				CLANG_WARN_OBJC_ROOT_CLASS = YES_ERROR;
				CLANG_WARN_QUOTED_INCLUDE_IN_FRAMEWORK_HEADER = YES;
				CLANG_WARN_RANGE_LOOP_ANALYSIS = YES;
				CLANG_WARN_STRICT_PROTOTYPES = YES;
				CLANG_WARN_SUSPICIOUS_MOVE = YES;
				CLANG_WARN_UNGUARDED_AVAILABILITY = YES_AGGRESSIVE;
				CLANG_WARN_UNREACHABLE_CODE = YES;
				CLANG_WARN__DUPLICATE_METHOD_MATCH = YES;
				COPY_PHASE_STRIP = NO;
				DEBUG_INFORMATION_FORMAT = dwarf;
				ENABLE_STRICT_OBJC_MSGSEND = YES;
				ENABLE_TESTABILITY = YES;
				GCC_C_LANGUAGE_STANDARD = gnu11;
				GCC_DYNAMIC_NO_PIC = NO;
				GCC_NO_COMMON_BLOCKS = YES;
				GCC_OPTIMIZATION_LEVEL = 0;
				GCC_PREPROCESSOR_DEFINITIONS = (
					"DEBUG=1",
					"$(inherited)",
				);
				GCC_WARN_64_TO_32_BIT_CONVERSION = YES;
				GCC_WARN_ABOUT_RETURN_TYPE = YES_ERROR;
				GCC_WARN_UNDECLARED_SELECTOR = YES;
				GCC_WARN_UNINITIALIZED_AUTOS = YES_AGGRESSIVE;
				GCC_WARN_UNUSED_FUNCTION = YES;
				GCC_WARN_UNUSED_VARIABLE = YES;
				IPHONEOS_DEPLOYMENT_TARGET = 14.4;
				MTL_ENABLE_DEBUG_INFO = INCLUDE_SOURCE;
				MTL_FAST_MATH = YES;
				ONLY_ACTIVE_ARCH = YES;
				SDKROOT = iphoneos;
				SWIFT_ACTIVE_COMPILATION_CONDITIONS = DEBUG;
				SWIFT_OPTIMIZATION_LEVEL = "-Onone";
			};
			name = Debug;
		};
		0ABC6341273929880041087F /* Release */ = {
			isa = XCBuildConfiguration;
			buildSettings = {
				ALWAYS_SEARCH_USER_PATHS = NO;
				CLANG_ANALYZER_NONNULL = YES;
				CLANG_ANALYZER_NUMBER_OBJECT_CONVERSION = YES_AGGRESSIVE;
				CLANG_CXX_LANGUAGE_STANDARD = "gnu++14";
				CLANG_CXX_LIBRARY = "libc++";
				CLANG_ENABLE_MODULES = YES;
				CLANG_ENABLE_OBJC_ARC = YES;
				CLANG_ENABLE_OBJC_WEAK = YES;
				CLANG_WARN_BLOCK_CAPTURE_AUTORELEASING = YES;
				CLANG_WARN_BOOL_CONVERSION = YES;
				CLANG_WARN_COMMA = YES;
				CLANG_WARN_CONSTANT_CONVERSION = YES;
				CLANG_WARN_DEPRECATED_OBJC_IMPLEMENTATIONS = YES;
				CLANG_WARN_DIRECT_OBJC_ISA_USAGE = YES_ERROR;
				CLANG_WARN_DOCUMENTATION_COMMENTS = YES;
				CLANG_WARN_EMPTY_BODY = YES;
				CLANG_WARN_ENUM_CONVERSION = YES;
				CLANG_WARN_INFINITE_RECURSION = YES;
				CLANG_WARN_INT_CONVERSION = YES;
				CLANG_WARN_NON_LITERAL_NULL_CONVERSION = YES;
				CLANG_WARN_OBJC_IMPLICIT_RETAIN_SELF = YES;
				CLANG_WARN_OBJC_LITERAL_CONVERSION = YES;
				CLANG_WARN_OBJC_ROOT_CLASS = YES_ERROR;
				CLANG_WARN_QUOTED_INCLUDE_IN_FRAMEWORK_HEADER = YES;
				CLANG_WARN_RANGE_LOOP_ANALYSIS = YES;
				CLANG_WARN_STRICT_PROTOTYPES = YES;
				CLANG_WARN_SUSPICIOUS_MOVE = YES;
				CLANG_WARN_UNGUARDED_AVAILABILITY = YES_AGGRESSIVE;
				CLANG_WARN_UNREACHABLE_CODE = YES;
				CLANG_WARN__DUPLICATE_METHOD_MATCH = YES;
				COPY_PHASE_STRIP = NO;
				DEBUG_INFORMATION_FORMAT = "dwarf-with-dsym";
				ENABLE_NS_ASSERTIONS = NO;
				ENABLE_STRICT_OBJC_MSGSEND = YES;
				GCC_C_LANGUAGE_STANDARD = gnu11;
				GCC_NO_COMMON_BLOCKS = YES;
				GCC_WARN_64_TO_32_BIT_CONVERSION = YES;
				GCC_WARN_ABOUT_RETURN_TYPE = YES_ERROR;
				GCC_WARN_UNDECLARED_SELECTOR = YES;
				GCC_WARN_UNINITIALIZED_AUTOS = YES_AGGRESSIVE;
				GCC_WARN_UNUSED_FUNCTION = YES;
				GCC_WARN_UNUSED_VARIABLE = YES;
				IPHONEOS_DEPLOYMENT_TARGET = 14.4;
				MTL_ENABLE_DEBUG_INFO = NO;
				MTL_FAST_MATH = YES;
				SDKROOT = iphoneos;
				SWIFT_COMPILATION_MODE = wholemodule;
				SWIFT_OPTIMIZATION_LEVEL = "-O";
				VALIDATE_PRODUCT = YES;
			};
			name = Release;
		};
		0ABC6343273929880041087F /* Debug */ = {
			isa = XCBuildConfiguration;
			baseConfigurationReference = 00E88A025289E98DBEC2CF6C /* Pods-kayayuApp.debug.xcconfig */;
			buildSettings = {
				ASSETCATALOG_COMPILER_APPICON_NAME = AppIcon;
				ASSETCATALOG_COMPILER_GLOBAL_ACCENT_COLOR_NAME = AccentColor;
				CODE_SIGN_STYLE = Automatic;
				DEVELOPMENT_TEAM = 8H99W6AJAP;
				INFOPLIST_FILE = kayayuApp/Info.plist;
				LD_RUNPATH_SEARCH_PATHS = (
					"$(inherited)",
					"@executable_path/Frameworks",
				);
				PRODUCT_BUNDLE_IDENTIFIER = Kayayu.kayayuApp;
				PRODUCT_NAME = "$(TARGET_NAME)";
				SWIFT_VERSION = 5.0;
				TARGETED_DEVICE_FAMILY = "1,2";
			};
			name = Debug;
		};
		0ABC6344273929880041087F /* Release */ = {
			isa = XCBuildConfiguration;
			baseConfigurationReference = 3E1339BCD22858A220D83D19 /* Pods-kayayuApp.release.xcconfig */;
			buildSettings = {
				ASSETCATALOG_COMPILER_APPICON_NAME = AppIcon;
				ASSETCATALOG_COMPILER_GLOBAL_ACCENT_COLOR_NAME = AccentColor;
				CODE_SIGN_STYLE = Automatic;
				DEVELOPMENT_TEAM = 8H99W6AJAP;
				INFOPLIST_FILE = kayayuApp/Info.plist;
				LD_RUNPATH_SEARCH_PATHS = (
					"$(inherited)",
					"@executable_path/Frameworks",
				);
				PRODUCT_BUNDLE_IDENTIFIER = Kayayu.kayayuApp;
				PRODUCT_NAME = "$(TARGET_NAME)";
				SWIFT_VERSION = 5.0;
				TARGETED_DEVICE_FAMILY = "1,2";
			};
			name = Release;
		};
		0ABC6346273929880041087F /* Debug */ = {
			isa = XCBuildConfiguration;
			baseConfigurationReference = 651BDCE5628506A5C42110B6 /* Pods-kayayuAppTests.debug.xcconfig */;
			buildSettings = {
				ALWAYS_EMBED_SWIFT_STANDARD_LIBRARIES = YES;
				BUNDLE_LOADER = "$(TEST_HOST)";
				CODE_SIGN_STYLE = Automatic;
				DEVELOPMENT_TEAM = 8H99W6AJAP;
				INFOPLIST_FILE = kayayuAppTests/Info.plist;
				IPHONEOS_DEPLOYMENT_TARGET = 14.4;
				LD_RUNPATH_SEARCH_PATHS = (
					"$(inherited)",
					"@executable_path/Frameworks",
					"@loader_path/Frameworks",
				);
				PRODUCT_BUNDLE_IDENTIFIER = Kayayu.kayayuAppTests;
				PRODUCT_NAME = "$(TARGET_NAME)";
				SWIFT_VERSION = 5.0;
				TARGETED_DEVICE_FAMILY = "1,2";
				TEST_HOST = "$(BUILT_PRODUCTS_DIR)/kayayuApp.app/kayayuApp";
			};
			name = Debug;
		};
		0ABC6347273929880041087F /* Release */ = {
			isa = XCBuildConfiguration;
			baseConfigurationReference = D731E75316D15D4A3F32304E /* Pods-kayayuAppTests.release.xcconfig */;
			buildSettings = {
				ALWAYS_EMBED_SWIFT_STANDARD_LIBRARIES = YES;
				BUNDLE_LOADER = "$(TEST_HOST)";
				CODE_SIGN_STYLE = Automatic;
				DEVELOPMENT_TEAM = 8H99W6AJAP;
				INFOPLIST_FILE = kayayuAppTests/Info.plist;
				IPHONEOS_DEPLOYMENT_TARGET = 14.4;
				LD_RUNPATH_SEARCH_PATHS = (
					"$(inherited)",
					"@executable_path/Frameworks",
					"@loader_path/Frameworks",
				);
				PRODUCT_BUNDLE_IDENTIFIER = Kayayu.kayayuAppTests;
				PRODUCT_NAME = "$(TARGET_NAME)";
				SWIFT_VERSION = 5.0;
				TARGETED_DEVICE_FAMILY = "1,2";
				TEST_HOST = "$(BUILT_PRODUCTS_DIR)/kayayuApp.app/kayayuApp";
			};
			name = Release;
		};
		0ABC6349273929880041087F /* Debug */ = {
			isa = XCBuildConfiguration;
			baseConfigurationReference = 7DB112B7AC5AF693BA7722ED /* Pods-kayayuApp-kayayuAppUITests.debug.xcconfig */;
			buildSettings = {
				ALWAYS_EMBED_SWIFT_STANDARD_LIBRARIES = YES;
				CODE_SIGN_STYLE = Automatic;
				DEVELOPMENT_TEAM = 8H99W6AJAP;
				INFOPLIST_FILE = kayayuAppUITests/Info.plist;
				LD_RUNPATH_SEARCH_PATHS = (
					"$(inherited)",
					"@executable_path/Frameworks",
					"@loader_path/Frameworks",
				);
				PRODUCT_BUNDLE_IDENTIFIER = Kayayu.kayayuAppUITests;
				PRODUCT_NAME = "$(TARGET_NAME)";
				SWIFT_VERSION = 5.0;
				TARGETED_DEVICE_FAMILY = "1,2";
				TEST_TARGET_NAME = kayayuApp;
			};
			name = Debug;
		};
		0ABC634A273929880041087F /* Release */ = {
			isa = XCBuildConfiguration;
			baseConfigurationReference = 1FB27307FCD7EA40AB8FD23C /* Pods-kayayuApp-kayayuAppUITests.release.xcconfig */;
			buildSettings = {
				ALWAYS_EMBED_SWIFT_STANDARD_LIBRARIES = YES;
				CODE_SIGN_STYLE = Automatic;
				DEVELOPMENT_TEAM = 8H99W6AJAP;
				INFOPLIST_FILE = kayayuAppUITests/Info.plist;
				LD_RUNPATH_SEARCH_PATHS = (
					"$(inherited)",
					"@executable_path/Frameworks",
					"@loader_path/Frameworks",
				);
				PRODUCT_BUNDLE_IDENTIFIER = Kayayu.kayayuAppUITests;
				PRODUCT_NAME = "$(TARGET_NAME)";
				SWIFT_VERSION = 5.0;
				TARGETED_DEVICE_FAMILY = "1,2";
				TEST_TARGET_NAME = kayayuApp;
			};
			name = Release;
		};
/* End XCBuildConfiguration section */

/* Begin XCConfigurationList section */
		0ABC6310273929860041087F /* Build configuration list for PBXProject "kayayuApp" */ = {
			isa = XCConfigurationList;
			buildConfigurations = (
				0ABC6340273929880041087F /* Debug */,
				0ABC6341273929880041087F /* Release */,
			);
			defaultConfigurationIsVisible = 0;
			defaultConfigurationName = Release;
		};
		0ABC6342273929880041087F /* Build configuration list for PBXNativeTarget "kayayuApp" */ = {
			isa = XCConfigurationList;
			buildConfigurations = (
				0ABC6343273929880041087F /* Debug */,
				0ABC6344273929880041087F /* Release */,
			);
			defaultConfigurationIsVisible = 0;
			defaultConfigurationName = Release;
		};
		0ABC6345273929880041087F /* Build configuration list for PBXNativeTarget "kayayuAppTests" */ = {
			isa = XCConfigurationList;
			buildConfigurations = (
				0ABC6346273929880041087F /* Debug */,
				0ABC6347273929880041087F /* Release */,
			);
			defaultConfigurationIsVisible = 0;
			defaultConfigurationName = Release;
		};
		0ABC6348273929880041087F /* Build configuration list for PBXNativeTarget "kayayuAppUITests" */ = {
			isa = XCConfigurationList;
			buildConfigurations = (
				0ABC6349273929880041087F /* Debug */,
				0ABC634A273929880041087F /* Release */,
			);
			defaultConfigurationIsVisible = 0;
			defaultConfigurationName = Release;
		};
/* End XCConfigurationList section */

/* Begin XCVersionGroup section */
		0ABC6321273929860041087F /* kayayuApp.xcdatamodeld */ = {
			isa = XCVersionGroup;
			children = (
				0ABC6322273929860041087F /* kayayuApp.xcdatamodel */,
			);
			currentVersion = 0ABC6322273929860041087F /* kayayuApp.xcdatamodel */;
			path = kayayuApp.xcdatamodeld;
			sourceTree = "<group>";
			versionGroupType = wrapper.xcdatamodel;
		};
/* End XCVersionGroup section */
	};
	rootObject = 0ABC630D273929860041087F /* Project object */;
}
